// !$*UTF8*$!
{
	archiveVersion = 1;
	classes = {
	};
	objectVersion = 56;
	objects = {

/* Begin PBXBuildFile section */
		84080D3C2C47A6D600247BB3 /* AppDelegate.swift in Sources */ = {isa = PBXBuildFile; fileRef = 84080D3B2C47A6D600247BB3 /* AppDelegate.swift */; };
		84080D3E2C47A6D600247BB3 /* SceneDelegate.swift in Sources */ = {isa = PBXBuildFile; fileRef = 84080D3D2C47A6D600247BB3 /* SceneDelegate.swift */; };
		84080D402C47A6D600247BB3 /* ViewController.swift in Sources */ = {isa = PBXBuildFile; fileRef = 84080D3F2C47A6D600247BB3 /* ViewController.swift */; };
		84080D432C47A6D600247BB3 /* Base in Resources */ = {isa = PBXBuildFile; fileRef = 84080D422C47A6D600247BB3 /* Base */; };
		84080D452C47A6D800247BB3 /* Assets.xcassets in Resources */ = {isa = PBXBuildFile; fileRef = 84080D442C47A6D800247BB3 /* Assets.xcassets */; };
		84080D482C47A6D800247BB3 /* Base in Resources */ = {isa = PBXBuildFile; fileRef = 84080D472C47A6D800247BB3 /* Base */; };
		84080D532C47A6D800247BB3 /* StoryboardTests.swift in Sources */ = {isa = PBXBuildFile; fileRef = 84080D522C47A6D800247BB3 /* StoryboardTests.swift */; };
		84080D5D2C47A6D800247BB3 /* StoryboardUITests.swift in Sources */ = {isa = PBXBuildFile; fileRef = 84080D5C2C47A6D800247BB3 /* StoryboardUITests.swift */; };
		84080D5F2C47A6D800247BB3 /* StoryboardUITestsLaunchTests.swift in Sources */ = {isa = PBXBuildFile; fileRef = 84080D5E2C47A6D800247BB3 /* StoryboardUITestsLaunchTests.swift */; };
/* End PBXBuildFile section */

/* Begin PBXContainerItemProxy section */
		84080D4F2C47A6D800247BB3 /* PBXContainerItemProxy */ = {
			isa = PBXContainerItemProxy;
			containerPortal = 84080D302C47A6D600247BB3 /* Project object */;
			proxyType = 1;
			remoteGlobalIDString = 84080D372C47A6D600247BB3;
			remoteInfo = Storyboard;
		};
		84080D592C47A6D800247BB3 /* PBXContainerItemProxy */ = {
			isa = PBXContainerItemProxy;
			containerPortal = 84080D302C47A6D600247BB3 /* Project object */;
			proxyType = 1;
			remoteGlobalIDString = 84080D372C47A6D600247BB3;
			remoteInfo = Storyboard;
		};
/* End PBXContainerItemProxy section */

/* Begin PBXFileReference section */
		84080D382C47A6D600247BB3 /* Storyboard.app */ = {isa = PBXFileReference; explicitFileType = wrapper.application; includeInIndex = 0; path = Storyboard.app; sourceTree = BUILT_PRODUCTS_DIR; };
		84080D3B2C47A6D600247BB3 /* AppDelegate.swift */ = {isa = PBXFileReference; lastKnownFileType = sourcecode.swift; path = AppDelegate.swift; sourceTree = "<group>"; };
		84080D3D2C47A6D600247BB3 /* SceneDelegate.swift */ = {isa = PBXFileReference; lastKnownFileType = sourcecode.swift; path = SceneDelegate.swift; sourceTree = "<group>"; };
		84080D3F2C47A6D600247BB3 /* ViewController.swift */ = {isa = PBXFileReference; lastKnownFileType = sourcecode.swift; path = ViewController.swift; sourceTree = "<group>"; };
		84080D422C47A6D600247BB3 /* Base */ = {isa = PBXFileReference; lastKnownFileType = file.storyboard; name = Base; path = Base.lproj/Main.storyboard; sourceTree = "<group>"; };
		84080D442C47A6D800247BB3 /* Assets.xcassets */ = {isa = PBXFileReference; lastKnownFileType = folder.assetcatalog; path = Assets.xcassets; sourceTree = "<group>"; };
		84080D472C47A6D800247BB3 /* Base */ = {isa = PBXFileReference; lastKnownFileType = file.storyboard; name = Base; path = Base.lproj/LaunchScreen.storyboard; sourceTree = "<group>"; };
		84080D492C47A6D800247BB3 /* Info.plist */ = {isa = PBXFileReference; lastKnownFileType = text.plist.xml; path = Info.plist; sourceTree = "<group>"; };
		84080D4E2C47A6D800247BB3 /* StoryboardTests.xctest */ = {isa = PBXFileReference; explicitFileType = wrapper.cfbundle; includeInIndex = 0; path = StoryboardTests.xctest; sourceTree = BUILT_PRODUCTS_DIR; };
		84080D522C47A6D800247BB3 /* StoryboardTests.swift */ = {isa = PBXFileReference; lastKnownFileType = sourcecode.swift; path = StoryboardTests.swift; sourceTree = "<group>"; };
		84080D582C47A6D800247BB3 /* StoryboardUITests.xctest */ = {isa = PBXFileReference; explicitFileType = wrapper.cfbundle; includeInIndex = 0; path = StoryboardUITests.xctest; sourceTree = BUILT_PRODUCTS_DIR; };
		84080D5C2C47A6D800247BB3 /* StoryboardUITests.swift */ = {isa = PBXFileReference; lastKnownFileType = sourcecode.swift; path = StoryboardUITests.swift; sourceTree = "<group>"; };
		84080D5E2C47A6D800247BB3 /* StoryboardUITestsLaunchTests.swift */ = {isa = PBXFileReference; lastKnownFileType = sourcecode.swift; path = StoryboardUITestsLaunchTests.swift; sourceTree = "<group>"; };
/* End PBXFileReference section */

/* Begin PBXFrameworksBuildPhase section */
		84080D352C47A6D600247BB3 /* Frameworks */ = {
			isa = PBXFrameworksBuildPhase;
			buildActionMask = 2147483647;
			files = (
			);
			runOnlyForDeploymentPostprocessing = 0;
		};
		84080D4B2C47A6D800247BB3 /* Frameworks */ = {
			isa = PBXFrameworksBuildPhase;
			buildActionMask = 2147483647;
			files = (
			);
			runOnlyForDeploymentPostprocessing = 0;
		};
		84080D552C47A6D800247BB3 /* Frameworks */ = {
			isa = PBXFrameworksBuildPhase;
			buildActionMask = 2147483647;
			files = (
			);
			runOnlyForDeploymentPostprocessing = 0;
		};
/* End PBXFrameworksBuildPhase section */

/* Begin PBXGroup section */
		84080D2F2C47A6D600247BB3 = {
			isa = PBXGroup;
			children = (
				84080D3A2C47A6D600247BB3 /* Storyboard */,
				84080D512C47A6D800247BB3 /* StoryboardTests */,
				84080D5B2C47A6D800247BB3 /* StoryboardUITests */,
				84080D392C47A6D600247BB3 /* Products */,
			);
			sourceTree = "<group>";
		};
		84080D392C47A6D600247BB3 /* Products */ = {
			isa = PBXGroup;
			children = (
				84080D382C47A6D600247BB3 /* Storyboard.app */,
				84080D4E2C47A6D800247BB3 /* StoryboardTests.xctest */,
				84080D582C47A6D800247BB3 /* StoryboardUITests.xctest */,
			);
			name = Products;
			sourceTree = "<group>";
		};
		84080D3A2C47A6D600247BB3 /* Storyboard */ = {
			isa = PBXGroup;
			children = (
				84080D3B2C47A6D600247BB3 /* AppDelegate.swift */,
				84080D3D2C47A6D600247BB3 /* SceneDelegate.swift */,
				84080D3F2C47A6D600247BB3 /* ViewController.swift */,
				84080D412C47A6D600247BB3 /* Main.storyboard */,
				84080D442C47A6D800247BB3 /* Assets.xcassets */,
				84080D462C47A6D800247BB3 /* LaunchScreen.storyboard */,
				84080D492C47A6D800247BB3 /* Info.plist */,
			);
			path = Storyboard;
			sourceTree = "<group>";
		};
		84080D512C47A6D800247BB3 /* StoryboardTests */ = {
			isa = PBXGroup;
			children = (
				84080D522C47A6D800247BB3 /* StoryboardTests.swift */,
			);
			path = StoryboardTests;
			sourceTree = "<group>";
		};
		84080D5B2C47A6D800247BB3 /* StoryboardUITests */ = {
			isa = PBXGroup;
			children = (
				84080D5C2C47A6D800247BB3 /* StoryboardUITests.swift */,
				84080D5E2C47A6D800247BB3 /* StoryboardUITestsLaunchTests.swift */,
			);
			path = StoryboardUITests;
			sourceTree = "<group>";
		};
/* End PBXGroup section */

/* Begin PBXNativeTarget section */
		84080D372C47A6D600247BB3 /* Storyboard */ = {
			isa = PBXNativeTarget;
			buildConfigurationList = 84080D622C47A6D800247BB3 /* Build configuration list for PBXNativeTarget "Storyboard" */;
			buildPhases = (
				84080D342C47A6D600247BB3 /* Sources */,
				84080D352C47A6D600247BB3 /* Frameworks */,
				84080D362C47A6D600247BB3 /* Resources */,
			);
			buildRules = (
			);
			dependencies = (
			);
			name = Storyboard;
			productName = Storyboard;
			productReference = 84080D382C47A6D600247BB3 /* Storyboard.app */;
			productType = "com.apple.product-type.application";
		};
		84080D4D2C47A6D800247BB3 /* StoryboardTests */ = {
			isa = PBXNativeTarget;
			buildConfigurationList = 84080D652C47A6D800247BB3 /* Build configuration list for PBXNativeTarget "StoryboardTests" */;
			buildPhases = (
				84080D4A2C47A6D800247BB3 /* Sources */,
				84080D4B2C47A6D800247BB3 /* Frameworks */,
				84080D4C2C47A6D800247BB3 /* Resources */,
			);
			buildRules = (
			);
			dependencies = (
				84080D502C47A6D800247BB3 /* PBXTargetDependency */,
			);
			name = StoryboardTests;
			productName = StoryboardTests;
			productReference = 84080D4E2C47A6D800247BB3 /* StoryboardTests.xctest */;
			productType = "com.apple.product-type.bundle.unit-test";
		};
		84080D572C47A6D800247BB3 /* StoryboardUITests */ = {
			isa = PBXNativeTarget;
			buildConfigurationList = 84080D682C47A6D800247BB3 /* Build configuration list for PBXNativeTarget "StoryboardUITests" */;
			buildPhases = (
				84080D542C47A6D800247BB3 /* Sources */,
				84080D552C47A6D800247BB3 /* Frameworks */,
				84080D562C47A6D800247BB3 /* Resources */,
			);
			buildRules = (
			);
			dependencies = (
				84080D5A2C47A6D800247BB3 /* PBXTargetDependency */,
			);
			name = StoryboardUITests;
			productName = StoryboardUITests;
			productReference = 84080D582C47A6D800247BB3 /* StoryboardUITests.xctest */;
			productType = "com.apple.product-type.bundle.ui-testing";
		};
/* End PBXNativeTarget section */

/* Begin PBXProject section */
		84080D302C47A6D600247BB3 /* Project object */ = {
			isa = PBXProject;
			attributes = {
				BuildIndependentTargetsInParallel = 1;
				LastSwiftUpdateCheck = 1540;
				LastUpgradeCheck = 1540;
				TargetAttributes = {
					84080D372C47A6D600247BB3 = {
						CreatedOnToolsVersion = 15.4;
					};
					84080D4D2C47A6D800247BB3 = {
						CreatedOnToolsVersion = 15.4;
						TestTargetID = 84080D372C47A6D600247BB3;
					};
					84080D572C47A6D800247BB3 = {
						CreatedOnToolsVersion = 15.4;
						TestTargetID = 84080D372C47A6D600247BB3;
					};
				};
			};
			buildConfigurationList = 84080D332C47A6D600247BB3 /* Build configuration list for PBXProject "Storyboard" */;
			compatibilityVersion = "Xcode 14.0";
			developmentRegion = en;
			hasScannedForEncodings = 0;
			knownRegions = (
				en,
				Base,
			);
			mainGroup = 84080D2F2C47A6D600247BB3;
			productRefGroup = 84080D392C47A6D600247BB3 /* Products */;
			projectDirPath = "";
			projectRoot = "";
			targets = (
				84080D372C47A6D600247BB3 /* Storyboard */,
				84080D4D2C47A6D800247BB3 /* StoryboardTests */,
				84080D572C47A6D800247BB3 /* StoryboardUITests */,
			);
		};
/* End PBXProject section */

/* Begin PBXResourcesBuildPhase section */
		84080D362C47A6D600247BB3 /* Resources */ = {
			isa = PBXResourcesBuildPhase;
			buildActionMask = 2147483647;
			files = (
				84080D452C47A6D800247BB3 /* Assets.xcassets in Resources */,
				84080D482C47A6D800247BB3 /* Base in Resources */,
				84080D432C47A6D600247BB3 /* Base in Resources */,
			);
			runOnlyForDeploymentPostprocessing = 0;
		};
		84080D4C2C47A6D800247BB3 /* Resources */ = {
			isa = PBXResourcesBuildPhase;
			buildActionMask = 2147483647;
			files = (
			);
			runOnlyForDeploymentPostprocessing = 0;
		};
		84080D562C47A6D800247BB3 /* Resources */ = {
			isa = PBXResourcesBuildPhase;
			buildActionMask = 2147483647;
			files = (
			);
			runOnlyForDeploymentPostprocessing = 0;
		};
/* End PBXResourcesBuildPhase section */

/* Begin PBXSourcesBuildPhase section */
		84080D342C47A6D600247BB3 /* Sources */ = {
			isa = PBXSourcesBuildPhase;
			buildActionMask = 2147483647;
			files = (
				84080D402C47A6D600247BB3 /* ViewController.swift in Sources */,
				84080D3C2C47A6D600247BB3 /* AppDelegate.swift in Sources */,
				84080D3E2C47A6D600247BB3 /* SceneDelegate.swift in Sources */,
			);
			runOnlyForDeploymentPostprocessing = 0;
		};
		84080D4A2C47A6D800247BB3 /* Sources */ = {
			isa = PBXSourcesBuildPhase;
			buildActionMask = 2147483647;
			files = (
				84080D532C47A6D800247BB3 /* StoryboardTests.swift in Sources */,
			);
			runOnlyForDeploymentPostprocessing = 0;
		};
		84080D542C47A6D800247BB3 /* Sources */ = {
			isa = PBXSourcesBuildPhase;
			buildActionMask = 2147483647;
			files = (
				84080D5D2C47A6D800247BB3 /* StoryboardUITests.swift in Sources */,
				84080D5F2C47A6D800247BB3 /* StoryboardUITestsLaunchTests.swift in Sources */,
			);
			runOnlyForDeploymentPostprocessing = 0;
		};
/* End PBXSourcesBuildPhase section */

/* Begin PBXTargetDependency section */
		84080D502C47A6D800247BB3 /* PBXTargetDependency */ = {
			isa = PBXTargetDependency;
			target = 84080D372C47A6D600247BB3 /* Storyboard */;
			targetProxy = 84080D4F2C47A6D800247BB3 /* PBXContainerItemProxy */;
		};
		84080D5A2C47A6D800247BB3 /* PBXTargetDependency */ = {
			isa = PBXTargetDependency;
			target = 84080D372C47A6D600247BB3 /* Storyboard */;
			targetProxy = 84080D592C47A6D800247BB3 /* PBXContainerItemProxy */;
		};
/* End PBXTargetDependency section */

/* Begin PBXVariantGroup section */
		84080D412C47A6D600247BB3 /* Main.storyboard */ = {
			isa = PBXVariantGroup;
			children = (
				84080D422C47A6D600247BB3 /* Base */,
			);
			name = Main.storyboard;
			sourceTree = "<group>";
		};
		84080D462C47A6D800247BB3 /* LaunchScreen.storyboard */ = {
			isa = PBXVariantGroup;
			children = (
				84080D472C47A6D800247BB3 /* Base */,
			);
			name = LaunchScreen.storyboard;
			sourceTree = "<group>";
		};
/* End PBXVariantGroup section */

/* Begin XCBuildConfiguration section */
		84080D602C47A6D800247BB3 /* Debug */ = {
			isa = XCBuildConfiguration;
			buildSettings = {
				ALWAYS_SEARCH_USER_PATHS = NO;
				ASSETCATALOG_COMPILER_GENERATE_SWIFT_ASSET_SYMBOL_EXTENSIONS = YES;
				CLANG_ANALYZER_NONNULL = YES;
				CLANG_ANALYZER_NUMBER_OBJECT_CONVERSION = YES_AGGRESSIVE;
				CLANG_CXX_LANGUAGE_STANDARD = "gnu++20";
				CLANG_ENABLE_MODULES = YES;
				CLANG_ENABLE_OBJC_ARC = YES;
				CLANG_ENABLE_OBJC_WEAK = YES;
				CLANG_WARN_BLOCK_CAPTURE_AUTORELEASING = YES;
				CLANG_WARN_BOOL_CONVERSION = YES;
				CLANG_WARN_COMMA = YES;
				CLANG_WARN_CONSTANT_CONVERSION = YES;
				CLANG_WARN_DEPRECATED_OBJC_IMPLEMENTATIONS = YES;
				CLANG_WARN_DIRECT_OBJC_ISA_USAGE = YES_ERROR;
				CLANG_WARN_DOCUMENTATION_COMMENTS = YES;
				CLANG_WARN_EMPTY_BODY = YES;
				CLANG_WARN_ENUM_CONVERSION = YES;
				CLANG_WARN_INFINITE_RECURSION = YES;
				CLANG_WARN_INT_CONVERSION = YES;
				CLANG_WARN_NON_LITERAL_NULL_CONVERSION = YES;
				CLANG_WARN_OBJC_IMPLICIT_RETAIN_SELF = YES;
				CLANG_WARN_OBJC_LITERAL_CONVERSION = YES;
				CLANG_WARN_OBJC_ROOT_CLASS = YES_ERROR;
				CLANG_WARN_QUOTED_INCLUDE_IN_FRAMEWORK_HEADER = YES;
				CLANG_WARN_RANGE_LOOP_ANALYSIS = YES;
				CLANG_WARN_STRICT_PROTOTYPES = YES;
				CLANG_WARN_SUSPICIOUS_MOVE = YES;
				CLANG_WARN_UNGUARDED_AVAILABILITY = YES_AGGRESSIVE;
				CLANG_WARN_UNREACHABLE_CODE = YES;
				CLANG_WARN__DUPLICATE_METHOD_MATCH = YES;
				COPY_PHASE_STRIP = NO;
				DEBUG_INFORMATION_FORMAT = dwarf;
				ENABLE_STRICT_OBJC_MSGSEND = YES;
				ENABLE_TESTABILITY = YES;
				ENABLE_USER_SCRIPT_SANDBOXING = YES;
				GCC_C_LANGUAGE_STANDARD = gnu17;
				GCC_DYNAMIC_NO_PIC = NO;
				GCC_NO_COMMON_BLOCKS = YES;
				GCC_OPTIMIZATION_LEVEL = 0;
				GCC_PREPROCESSOR_DEFINITIONS = (
					"DEBUG=1",
					"$(inherited)",
				);
				GCC_WARN_64_TO_32_BIT_CONVERSION = YES;
				GCC_WARN_ABOUT_RETURN_TYPE = YES_ERROR;
				GCC_WARN_UNDECLARED_SELECTOR = YES;
				GCC_WARN_UNINITIALIZED_AUTOS = YES_AGGRESSIVE;
				GCC_WARN_UNUSED_FUNCTION = YES;
				GCC_WARN_UNUSED_VARIABLE = YES;
				IPHONEOS_DEPLOYMENT_TARGET = 17.5;
				LOCALIZATION_PREFERS_STRING_CATALOGS = YES;
				MTL_ENABLE_DEBUG_INFO = INCLUDE_SOURCE;
				MTL_FAST_MATH = YES;
				ONLY_ACTIVE_ARCH = YES;
				SDKROOT = iphoneos;
				SWIFT_ACTIVE_COMPILATION_CONDITIONS = "DEBUG $(inherited)";
				SWIFT_OPTIMIZATION_LEVEL = "-Onone";
			};
			name = Debug;
		};
		84080D612C47A6D800247BB3 /* Release */ = {
			isa = XCBuildConfiguration;
			buildSettings = {
				ALWAYS_SEARCH_USER_PATHS = NO;
				ASSETCATALOG_COMPILER_GENERATE_SWIFT_ASSET_SYMBOL_EXTENSIONS = YES;
				CLANG_ANALYZER_NONNULL = YES;
				CLANG_ANALYZER_NUMBER_OBJECT_CONVERSION = YES_AGGRESSIVE;
				CLANG_CXX_LANGUAGE_STANDARD = "gnu++20";
				CLANG_ENABLE_MODULES = YES;
				CLANG_ENABLE_OBJC_ARC = YES;
				CLANG_ENABLE_OBJC_WEAK = YES;
				CLANG_WARN_BLOCK_CAPTURE_AUTORELEASING = YES;
				CLANG_WARN_BOOL_CONVERSION = YES;
				CLANG_WARN_COMMA = YES;
				CLANG_WARN_CONSTANT_CONVERSION = YES;
				CLANG_WARN_DEPRECATED_OBJC_IMPLEMENTATIONS = YES;
				CLANG_WARN_DIRECT_OBJC_ISA_USAGE = YES_ERROR;
				CLANG_WARN_DOCUMENTATION_COMMENTS = YES;
				CLANG_WARN_EMPTY_BODY = YES;
				CLANG_WARN_ENUM_CONVERSION = YES;
				CLANG_WARN_INFINITE_RECURSION = YES;
				CLANG_WARN_INT_CONVERSION = YES;
				CLANG_WARN_NON_LITERAL_NULL_CONVERSION = YES;
				CLANG_WARN_OBJC_IMPLICIT_RETAIN_SELF = YES;
				CLANG_WARN_OBJC_LITERAL_CONVERSION = YES;
				CLANG_WARN_OBJC_ROOT_CLASS = YES_ERROR;
				CLANG_WARN_QUOTED_INCLUDE_IN_FRAMEWORK_HEADER = YES;
				CLANG_WARN_RANGE_LOOP_ANALYSIS = YES;
				CLANG_WARN_STRICT_PROTOTYPES = YES;
				CLANG_WARN_SUSPICIOUS_MOVE = YES;
				CLANG_WARN_UNGUARDED_AVAILABILITY = YES_AGGRESSIVE;
				CLANG_WARN_UNREACHABLE_CODE = YES;
				CLANG_WARN__DUPLICATE_METHOD_MATCH = YES;
				COPY_PHASE_STRIP = NO;
				DEBUG_INFORMATION_FORMAT = "dwarf-with-dsym";
				ENABLE_NS_ASSERTIONS = NO;
				ENABLE_STRICT_OBJC_MSGSEND = YES;
				ENABLE_USER_SCRIPT_SANDBOXING = YES;
				GCC_C_LANGUAGE_STANDARD = gnu17;
				GCC_NO_COMMON_BLOCKS = YES;
				GCC_WARN_64_TO_32_BIT_CONVERSION = YES;
				GCC_WARN_ABOUT_RETURN_TYPE = YES_ERROR;
				GCC_WARN_UNDECLARED_SELECTOR = YES;
				GCC_WARN_UNINITIALIZED_AUTOS = YES_AGGRESSIVE;
				GCC_WARN_UNUSED_FUNCTION = YES;
				GCC_WARN_UNUSED_VARIABLE = YES;
				IPHONEOS_DEPLOYMENT_TARGET = 17.5;
				LOCALIZATION_PREFERS_STRING_CATALOGS = YES;
				MTL_ENABLE_DEBUG_INFO = NO;
				MTL_FAST_MATH = YES;
				SDKROOT = iphoneos;
				SWIFT_COMPILATION_MODE = wholemodule;
				VALIDATE_PRODUCT = YES;
			};
			name = Release;
		};
		84080D632C47A6D800247BB3 /* Debug */ = {
			isa = XCBuildConfiguration;
			buildSettings = {
				ASSETCATALOG_COMPILER_APPICON_NAME = AppIcon;
				ASSETCATALOG_COMPILER_GLOBAL_ACCENT_COLOR_NAME = AccentColor;
				CODE_SIGN_STYLE = Automatic;
				CURRENT_PROJECT_VERSION = 1;
				DEVELOPMENT_TEAM = GT7QW4CN6G;
				GENERATE_INFOPLIST_FILE = YES;
				INFOPLIST_FILE = Storyboard/Info.plist;
				INFOPLIST_KEY_UIApplicationSupportsIndirectInputEvents = YES;
				INFOPLIST_KEY_UILaunchStoryboardName = LaunchScreen;
				INFOPLIST_KEY_UIMainStoryboardFile = Main;
				INFOPLIST_KEY_UISupportedInterfaceOrientations_iPad = "UIInterfaceOrientationPortrait UIInterfaceOrientationPortraitUpsideDown UIInterfaceOrientationLandscapeLeft UIInterfaceOrientationLandscapeRight";
				INFOPLIST_KEY_UISupportedInterfaceOrientations_iPhone = "UIInterfaceOrientationPortrait UIInterfaceOrientationLandscapeLeft UIInterfaceOrientationLandscapeRight";
				LD_RUNPATH_SEARCH_PATHS = (
					"$(inherited)",
					"@executable_path/Frameworks",
				);
				MARKETING_VERSION = 1.0;
				PRODUCT_BUNDLE_IDENTIFIER = com.belajar.Storyboard;
				PRODUCT_NAME = "$(TARGET_NAME)";
				SWIFT_EMIT_LOC_STRINGS = YES;
				SWIFT_VERSION = 5.0;
				TARGETED_DEVICE_FAMILY = "1,2";
			};
			name = Debug;
		};
		84080D642C47A6D800247BB3 /* Release */ = {
			isa = XCBuildConfiguration;
			buildSettings = {
				ASSETCATALOG_COMPILER_APPICON_NAME = AppIcon;
				ASSETCATALOG_COMPILER_GLOBAL_ACCENT_COLOR_NAME = AccentColor;
				CODE_SIGN_STYLE = Automatic;
				CURRENT_PROJECT_VERSION = 1;
				DEVELOPMENT_TEAM = GT7QW4CN6G;
				GENERATE_INFOPLIST_FILE = YES;
				INFOPLIST_FILE = Storyboard/Info.plist;
				INFOPLIST_KEY_UIApplicationSupportsIndirectInputEvents = YES;
				INFOPLIST_KEY_UILaunchStoryboardName = LaunchScreen;
				INFOPLIST_KEY_UIMainStoryboardFile = Main;
				INFOPLIST_KEY_UISupportedInterfaceOrientations_iPad = "UIInterfaceOrientationPortrait UIInterfaceOrientationPortraitUpsideDown UIInterfaceOrientationLandscapeLeft UIInterfaceOrientationLandscapeRight";
				INFOPLIST_KEY_UISupportedInterfaceOrientations_iPhone = "UIInterfaceOrientationPortrait UIInterfaceOrientationLandscapeLeft UIInterfaceOrientationLandscapeRight";
				LD_RUNPATH_SEARCH_PATHS = (
					"$(inherited)",
					"@executable_path/Frameworks",
				);
				MARKETING_VERSION = 1.0;
				PRODUCT_BUNDLE_IDENTIFIER = com.belajar.Storyboard;
				PRODUCT_NAME = "$(TARGET_NAME)";
				SWIFT_EMIT_LOC_STRINGS = YES;
				SWIFT_VERSION = 5.0;
				TARGETED_DEVICE_FAMILY = "1,2";
			};
			name = Release;
		};
		84080D662C47A6D800247BB3 /* Debug */ = {
			isa = XCBuildConfiguration;
			buildSettings = {
				ALWAYS_EMBED_SWIFT_STANDARD_LIBRARIES = YES;
				BUNDLE_LOADER = "$(TEST_HOST)";
				CODE_SIGN_STYLE = Automatic;
				CURRENT_PROJECT_VERSION = 1;
				DEVELOPMENT_TEAM = GT7QW4CN6G;
				GENERATE_INFOPLIST_FILE = YES;
				IPHONEOS_DEPLOYMENT_TARGET = 17.5;
				MARKETING_VERSION = 1.0;
				PRODUCT_BUNDLE_IDENTIFIER = com.belajar.StoryboardTests;
				PRODUCT_NAME = "$(TARGET_NAME)";
				SWIFT_EMIT_LOC_STRINGS = NO;
				SWIFT_VERSION = 5.0;
				TARGETED_DEVICE_FAMILY = "1,2";
				TEST_HOST = "$(BUILT_PRODUCTS_DIR)/Storyboard.app/$(BUNDLE_EXECUTABLE_FOLDER_PATH)/Storyboard";
			};
			name = Debug;
		};
		84080D672C47A6D800247BB3 /* Release */ = {
			isa = XCBuildConfiguration;
			buildSettings = {
				ALWAYS_EMBED_SWIFT_STANDARD_LIBRARIES = YES;
				BUNDLE_LOADER = "$(TEST_HOST)";
				CODE_SIGN_STYLE = Automatic;
				CURRENT_PROJECT_VERSION = 1;
				DEVELOPMENT_TEAM = GT7QW4CN6G;
				GENERATE_INFOPLIST_FILE = YES;
				IPHONEOS_DEPLOYMENT_TARGET = 17.5;
				MARKETING_VERSION = 1.0;
				PRODUCT_BUNDLE_IDENTIFIER = com.belajar.StoryboardTests;
				PRODUCT_NAME = "$(TARGET_NAME)";
				SWIFT_EMIT_LOC_STRINGS = NO;
				SWIFT_VERSION = 5.0;
				TARGETED_DEVICE_FAMILY = "1,2";
				TEST_HOST = "$(BUILT_PRODUCTS_DIR)/Storyboard.app/$(BUNDLE_EXECUTABLE_FOLDER_PATH)/Storyboard";
			};
			name = Release;
		};
		84080D692C47A6D800247BB3 /* Debug */ = {
			isa = XCBuildConfiguration;
			buildSettings = {
				ALWAYS_EMBED_SWIFT_STANDARD_LIBRARIES = YES;
				CODE_SIGN_STYLE = Automatic;
				CURRENT_PROJECT_VERSION = 1;
				DEVELOPMENT_TEAM = GT7QW4CN6G;
				GENERATE_INFOPLIST_FILE = YES;
				MARKETING_VERSION = 1.0;
				PRODUCT_BUNDLE_IDENTIFIER = com.belajar.StoryboardUITests;
				PRODUCT_NAME = "$(TARGET_NAME)";
				SWIFT_EMIT_LOC_STRINGS = NO;
				SWIFT_VERSION = 5.0;
				TARGETED_DEVICE_FAMILY = "1,2";
				TEST_TARGET_NAME = Storyboard;
			};
			name = Debug;
		};
		84080D6A2C47A6D800247BB3 /* Release */ = {
			isa = XCBuildConfiguration;
			buildSettings = {
				ALWAYS_EMBED_SWIFT_STANDARD_LIBRARIES = YES;
				CODE_SIGN_STYLE = Automatic;
				CURRENT_PROJECT_VERSION = 1;
				DEVELOPMENT_TEAM = GT7QW4CN6G;
				GENERATE_INFOPLIST_FILE = YES;
				MARKETING_VERSION = 1.0;
				PRODUCT_BUNDLE_IDENTIFIER = com.belajar.StoryboardUITests;
				PRODUCT_NAME = "$(TARGET_NAME)";
				SWIFT_EMIT_LOC_STRINGS = NO;
				SWIFT_VERSION = 5.0;
				TARGETED_DEVICE_FAMILY = "1,2";
				TEST_TARGET_NAME = Storyboard;
			};
			name = Release;
		};
/* End XCBuildConfiguration section */

/* Begin XCConfigurationList section */
		84080D332C47A6D600247BB3 /* Build configuration list for PBXProject "Storyboard" */ = {
			isa = XCConfigurationList;
			buildConfigurations = (
				84080D602C47A6D800247BB3 /* Debug */,
				84080D612C47A6D800247BB3 /* Release */,
			);
			defaultConfigurationIsVisible = 0;
			defaultConfigurationName = Release;
		};
		84080D622C47A6D800247BB3 /* Build configuration list for PBXNativeTarget "Storyboard" */ = {
			isa = XCConfigurationList;
			buildConfigurations = (
				84080D632C47A6D800247BB3 /* Debug */,
				84080D642C47A6D800247BB3 /* Release */,
			);
			defaultConfigurationIsVisible = 0;
			defaultConfigurationName = Release;
		};
		84080D652C47A6D800247BB3 /* Build configuration list for PBXNativeTarget "StoryboardTests" */ = {
			isa = XCConfigurationList;
			buildConfigurations = (
				84080D662C47A6D800247BB3 /* Debug */,
				84080D672C47A6D800247BB3 /* Release */,
			);
			defaultConfigurationIsVisible = 0;
			defaultConfigurationName = Release;
		};
		84080D682C47A6D800247BB3 /* Build configuration list for PBXNativeTarget "StoryboardUITests" */ = {
			isa = XCConfigurationList;
			buildConfigurations = (
				84080D692C47A6D800247BB3 /* Debug */,
				84080D6A2C47A6D800247BB3 /* Release */,
			);
			defaultConfigurationIsVisible = 0;
			defaultConfigurationName = Release;
		};
/* End XCConfigurationList section */
	};
	rootObject = 84080D302C47A6D600247BB3 /* Project object */;
}
